<?xml version="1.0" encoding="utf-8"?>
<Project ToolsVersion="4.0" xmlns="http://schemas.microsoft.com/developer/msbuild/2003">
  <ItemGroup>
    <Filter Include="Common">
      <UniqueIdentifier>4b1d9006-96c9-47ff-bf09-f3e6be6090ec</UniqueIdentifier>
    </Filter>
    <Filter Include="Assets">
      <UniqueIdentifier>68663489-6b95-4751-bcca-162e76f1d6ff</UniqueIdentifier>
      <Extensions>ico;cur;bmp;dds;dlg;fbx;rct;bin;rgs;gif;jpg;jpeg;jpe;resx;tga;tiff;tif;png;wav;mfcribbon-ms</Extensions>
    </Filter>
    <Filter Include="Content">
      <UniqueIdentifier>{6a470a6e-5e12-4176-83ba-2ff64c668fe5}</UniqueIdentifier>
    </Filter>
    <Filter Include="States">
      <UniqueIdentifier>{63730890-59d0-483e-a384-0c303252a0f7}</UniqueIdentifier>
    </Filter>
  </ItemGroup>
  <ItemGroup>
    <ClInclude Include="pch.h" />
    <ClInclude Include="Game.h" />
    <ClInclude Include="StepTimer.h">
      <Filter>Common</Filter>
    </ClInclude>
    <ClInclude Include="DeviceResources.h">
      <Filter>Common</Filter>
    </ClInclude>
    <ClInclude Include="GameController.h">
      <Filter>Common</Filter>
    </ClInclude>
    <ClInclude Include="TextWriter.h">
      <Filter>Content</Filter>
    </ClInclude>
    <ClInclude Include="States.h">
      <Filter>Common</Filter>
    </ClInclude>
    <ClInclude Include="SpriteResources.h">
      <Filter>Common</Filter>
    </ClInclude>
    <ClInclude Include="GameBoard.h">
      <Filter>States</Filter>
    </ClInclude>
    <ClInclude Include="Menu.h">
      <Filter>States</Filter>
    </ClInclude>
    <ClInclude Include="CollisionBox.h">
      <Filter>Common</Filter>
    </ClInclude>
    <ClInclude Include="Ball.h">
      <Filter>Content</Filter>
    </ClInclude>
    <ClInclude Include="GameOver.h">
      <Filter>States</Filter>
    </ClInclude>
    <ClInclude Include="Puck.h">
      <Filter>Content</Filter>
    </ClInclude>
    <ClInclude Include="Score.h">
      <Filter>Content</Filter>
    </ClInclude>
    <ClInclude Include="dottedLine.h">
      <Filter>Content</Filter>
    </ClInclude>
    <ClInclude Include="DifficultyMenu.h">
      <Filter>States</Filter>
    </ClInclude>
    <ClInclude Include="Wall.h">
      <Filter>Content</Filter>
    </ClInclude>
  </ItemGroup>
  <ItemGroup>
    <ClCompile Include="pch.cpp" />
    <ClCompile Include="Game.cpp" />
    <ClCompile Include="Main.cpp" />
    <ClCompile Include="DeviceResources.cpp">
      <Filter>Common</Filter>
    </ClCompile>
    <ClCompile Include="GameController.cpp">
      <Filter>Common</Filter>
    </ClCompile>
    <ClCompile Include="TextWriter.cpp">
      <Filter>Content</Filter>
    </ClCompile>
    <ClCompile Include="SpriteResources.cpp">
      <Filter>Common</Filter>
    </ClCompile>
    <ClCompile Include="GameBoard.cpp">
      <Filter>States</Filter>
    </ClCompile>
    <ClCompile Include="Menu.cpp">
      <Filter>States</Filter>
    </ClCompile>
    <ClCompile Include="CollisionBox.cpp">
      <Filter>Common</Filter>
    </ClCompile>
    <ClCompile Include="Ball.cpp">
      <Filter>Content</Filter>
    </ClCompile>
    <ClCompile Include="GameOver.cpp">
      <Filter>States</Filter>
    </ClCompile>
    <ClCompile Include="Puck.cpp">
      <Filter>Content</Filter>
    </ClCompile>
    <ClCompile Include="Score.cpp">
      <Filter>Content</Filter>
    </ClCompile>
    <ClCompile Include="dottedLine.cpp">
      <Filter>Content</Filter>
    </ClCompile>
    <ClCompile Include="DifficultyMenu.cpp">
      <Filter>States</Filter>
    </ClCompile>
    <ClCompile Include="Wall.cpp">
      <Filter>Content</Filter>
    </ClCompile>
  </ItemGroup>
  <ItemGroup>
    <ResourceCompile Include="resource.rc" />
  </ItemGroup>
  <ItemGroup>
    <Image Include="directx.ico">
      <Filter>Assets</Filter>
    </Image>
    <Image Include="Assets\Background.png">
      <Filter>Assets</Filter>
    </Image>
    <Image Include="Assets\Blocks.png">
      <Filter>Assets</Filter>
    </Image>
    <Image Include="Assets\Border.png">
      <Filter>Assets</Filter>
    </Image>
    <Image Include="Assets\Disc.png">
      <Filter>Assets</Filter>
    </Image>
    <Image Include="Assets\DottedLine.png">
      <Filter>Assets</Filter>
    </Image>
  </ItemGroup>
  <ItemGroup>
    <Manifest Include="settings.manifest">
      <Filter>Assets</Filter>
    </Manifest>
  </ItemGroup>
  <ItemGroup>
    <None Include="packages.config" />
    <None Include="Assets\italic.spritefont">
      <Filter>Assets</Filter>
    </None>
  </ItemGroup>
</Project>